
Microsoft Visual Studio Solution File, Format Version 12.00
# Visual Studio 2013
VisualStudioVersion = 12.0.30501.0
MinimumVisualStudioVersion = 10.0.40219.1
Project("{FAE04EC0-301F-11D3-BF4B-00C04F79EFBC}") = "LoginTest", "LoginTest\LoginTest.csproj", "{05B32FC7-49C8-443F-A9BD-D5A795831A4E}"
EndProject
Project("{FAE04EC0-301F-11D3-BF4B-00C04F79EFBC}") = "LTDAL", "LTDAL\LTDAL.csproj", "{4486C1CD-EF49-4C1B-A1EA-C4FFEDE86CD4}"
EndProject
Project("{FAE04EC0-301F-11D3-BF4B-00C04F79EFBC}") = "LTBLL", "LTBLL\LTBLL.csproj", "{8569D8C0-AD44-48CD-96D7-167F36098D15}"
EndProject
Global
	GlobalSection(SolutionConfigurationPlatforms) = preSolution
		Debug|Any CPU = Debug|Any CPU
		Release|Any CPU = Release|Any CPU
	EndGlobalSection
	GlobalSection(ProjectConfigurationPlatforms) = postSolution
		{05B32FC7-49C8-443F-A9BD-D5A795831A4E}.Debug|Any CPU.ActiveCfg = Debug|Any CPU
		{05B32FC7-49C8-443F-A9BD-D5A795831A4E}.Debug|Any CPU.Build.0 = Debug|Any CPU
		{05B32FC7-49C8-443F-A9BD-D5A795831A4E}.Release|Any CPU.ActiveCfg = Release|Any CPU
		{05B32FC7-49C8-443F-A9BD-D5A795831A4E}.Release|Any CPU.Build.0 = Release|Any CPU
		{4486C1CD-EF49-4C1B-A1EA-C4FFEDE86CD4}.Debug|Any CPU.ActiveCfg = Debug|Any CPU
		{4486C1CD-EF49-4C1B-A1EA-C4FFEDE86CD4}.Debug|Any CPU.Build.0 = Debug|Any CPU
		{4486C1CD-EF49-4C1B-A1EA-C4FFEDE86CD4}.Release|Any CPU.ActiveCfg = Release|Any CPU
		{4486C1CD-EF49-4C1B-A1EA-C4FFEDE86CD4}.Release|Any CPU.Build.0 = Release|Any CPU
		{8569D8C0-AD44-48CD-96D7-167F36098D15}.Debug|Any CPU.ActiveCfg = Debug|Any CPU
		{8569D8C0-AD44-48CD-96D7-167F36098D15}.Debug|Any CPU.Build.0 = Debug|Any CPU
		{8569D8C0-AD44-48CD-96D7-167F36098D15}.Release|Any CPU.ActiveCfg = Release|Any CPU
		{8569D8C0-AD44-48CD-96D7-167F36098D15}.Release|Any CPU.Build.0 = Release|Any CPU
	EndGlobalSection
	GlobalSection(SolutionProperties) = preSolution
		HideSolutionNode = FALSE
	EndGlobalSection
EndGlobal
